
Microsoft Visual Studio Solution File, Format Version 12.00
# Visual Studio 14
VisualStudioVersion = 14.0.25420.1
MinimumVisualStudioVersion = 10.0.40219.1
Project("{FAE04EC0-301F-11D3-BF4B-00C04F79EFBC}") = "Phase2", "Phase2\Phase2\Phase2.csproj", "{26D39090-1638-41DF-BB38-FF6480B1FD9F}"
EndProject
Project("{FAE04EC0-301F-11D3-BF4B-00C04F79EFBC}") = "Phase2.Droid", "Phase2\Phase2.Droid\Phase2.Droid.csproj", "{4BBB840A-73AB-4630-BA98-3F472F01D760}"
EndProject
Global
	GlobalSection(SolutionConfigurationPlatforms) = preSolution
		Ad-Hoc|Any CPU = Ad-Hoc|Any CPU
		Ad-Hoc|ARM = Ad-Hoc|ARM
		Ad-Hoc|iPhone = Ad-Hoc|iPhone
		Ad-Hoc|iPhoneSimulator = Ad-Hoc|iPhoneSimulator
		Ad-Hoc|x64 = Ad-Hoc|x64
		Ad-Hoc|x86 = Ad-Hoc|x86
		AppStore|Any CPU = AppStore|Any CPU
		AppStore|ARM = AppStore|ARM
		AppStore|iPhone = AppStore|iPhone
		AppStore|iPhoneSimulator = AppStore|iPhoneSimulator
		AppStore|x64 = AppStore|x64
		AppStore|x86 = AppStore|x86
		Debug|Any CPU = Debug|Any CPU
		Debug|ARM = Debug|ARM
		Debug|iPhone = Debug|iPhone
		Debug|iPhoneSimulator = Debug|iPhoneSimulator
		Debug|x64 = Debug|x64
		Debug|x86 = Debug|x86
		Release|Any CPU = Release|Any CPU
		Release|ARM = Release|ARM
		Release|iPhone = Release|iPhone
		Release|iPhoneSimulator = Release|iPhoneSimulator
		Release|x64 = Release|x64
		Release|x86 = Release|x86
	EndGlobalSection
	GlobalSection(ProjectConfigurationPlatforms) = postSolution
		{26D39090-1638-41DF-BB38-FF6480B1FD9F}.Ad-Hoc|Any CPU.ActiveCfg = Release|Any CPU
		{26D39090-1638-41DF-BB38-FF6480B1FD9F}.Ad-Hoc|Any CPU.Build.0 = Release|Any CPU
		{26D39090-1638-41DF-BB38-FF6480B1FD9F}.Ad-Hoc|ARM.ActiveCfg = Release|Any CPU
		{26D39090-1638-41DF-BB38-FF6480B1FD9F}.Ad-Hoc|ARM.Build.0 = Release|Any CPU
		{26D39090-1638-41DF-BB38-FF6480B1FD9F}.Ad-Hoc|iPhone.ActiveCfg = Release|Any CPU
		{26D39090-1638-41DF-BB38-FF6480B1FD9F}.Ad-Hoc|iPhone.Build.0 = Release|Any CPU
		{26D39090-1638-41DF-BB38-FF6480B1FD9F}.Ad-Hoc|iPhoneSimulator.ActiveCfg = Release|Any CPU
		{26D39090-1638-41DF-BB38-FF6480B1FD9F}.Ad-Hoc|iPhoneSimulator.Build.0 = Release|Any CPU
		{26D39090-1638-41DF-BB38-FF6480B1FD9F}.Ad-Hoc|x64.ActiveCfg = Release|Any CPU
		{26D39090-1638-41DF-BB38-FF6480B1FD9F}.Ad-Hoc|x64.Build.0 = Release|Any CPU
		{26D39090-1638-41DF-BB38-FF6480B1FD9F}.Ad-Hoc|x86.ActiveCfg = Release|Any CPU
		{26D39090-1638-41DF-BB38-FF6480B1FD9F}.Ad-Hoc|x86.Build.0 = Release|Any CPU
		{26D39090-1638-41DF-BB38-FF6480B1FD9F}.AppStore|Any CPU.ActiveCfg = Release|Any CPU
		{26D39090-1638-41DF-BB38-FF6480B1FD9F}.AppStore|Any CPU.Build.0 = Release|Any CPU
		{26D39090-1638-41DF-BB38-FF6480B1FD9F}.AppStore|ARM.ActiveCfg = Release|Any CPU
		{26D39090-1638-41DF-BB38-FF6480B1FD9F}.AppStore|ARM.Build.0 = Release|Any CPU
		{26D39090-1638-41DF-BB38-FF6480B1FD9F}.AppStore|iPhone.ActiveCfg = Release|Any CPU
		{26D39090-1638-41DF-BB38-FF6480B1FD9F}.AppStore|iPhone.Build.0 = Release|Any CPU
		{26D39090-1638-41DF-BB38-FF6480B1FD9F}.AppStore|iPhoneSimulator.ActiveCfg = Release|Any CPU
		{26D39090-1638-41DF-BB38-FF6480B1FD9F}.AppStore|iPhoneSimulator.Build.0 = Release|Any CPU
		{26D39090-1638-41DF-BB38-FF6480B1FD9F}.AppStore|x64.ActiveCfg = Release|Any CPU
		{26D39090-1638-41DF-BB38-FF6480B1FD9F}.AppStore|x64.Build.0 = Release|Any CPU
		{26D39090-1638-41DF-BB38-FF6480B1FD9F}.AppStore|x86.ActiveCfg = Release|Any CPU
		{26D39090-1638-41DF-BB38-FF6480B1FD9F}.AppStore|x86.Build.0 = Release|Any CPU
		{26D39090-1638-41DF-BB38-FF6480B1FD9F}.Debug|Any CPU.ActiveCfg = Debug|Any CPU
		{26D39090-1638-41DF-BB38-FF6480B1FD9F}.Debug|Any CPU.Build.0 = Debug|Any CPU
		{26D39090-1638-41DF-BB38-FF6480B1FD9F}.Debug|ARM.ActiveCfg = Debug|Any CPU
		{26D39090-1638-41DF-BB38-FF6480B1FD9F}.Debug|ARM.Build.0 = Debug|Any CPU
		{26D39090-1638-41DF-BB38-FF6480B1FD9F}.Debug|iPhone.ActiveCfg = Debug|Any CPU
		{26D39090-1638-41DF-BB38-FF6480B1FD9F}.Debug|iPhone.Build.0 = Debug|Any CPU
		{26D39090-1638-41DF-BB38-FF6480B1FD9F}.Debug|iPhoneSimulator.ActiveCfg = Debug|Any CPU
		{26D39090-1638-41DF-BB38-FF6480B1FD9F}.Debug|iPhoneSimulator.Build.0 = Debug|Any CPU
		{26D39090-1638-41DF-BB38-FF6480B1FD9F}.Debug|x64.ActiveCfg = Debug|Any CPU
		{26D39090-1638-41DF-BB38-FF6480B1FD9F}.Debug|x64.Build.0 = Debug|Any CPU
		{26D39090-1638-41DF-BB38-FF6480B1FD9F}.Debug|x86.ActiveCfg = Debug|Any CPU
		{26D39090-1638-41DF-BB38-FF6480B1FD9F}.Debug|x86.Build.0 = Debug|Any CPU
		{26D39090-1638-41DF-BB38-FF6480B1FD9F}.Release|Any CPU.ActiveCfg = Release|Any CPU
		{26D39090-1638-41DF-BB38-FF6480B1FD9F}.Release|Any CPU.Build.0 = Release|Any CPU
		{26D39090-1638-41DF-BB38-FF6480B1FD9F}.Release|ARM.ActiveCfg = Release|Any CPU
		{26D39090-1638-41DF-BB38-FF6480B1FD9F}.Release|ARM.Build.0 = Release|Any CPU
		{26D39090-1638-41DF-BB38-FF6480B1FD9F}.Release|iPhone.ActiveCfg = Release|Any CPU
		{26D39090-1638-41DF-BB38-FF6480B1FD9F}.Release|iPhone.Build.0 = Release|Any CPU
		{26D39090-1638-41DF-BB38-FF6480B1FD9F}.Release|iPhoneSimulator.ActiveCfg = Release|Any CPU
		{26D39090-1638-41DF-BB38-FF6480B1FD9F}.Release|iPhoneSimulator.Build.0 = Release|Any CPU
		{26D39090-1638-41DF-BB38-FF6480B1FD9F}.Release|x64.ActiveCfg = Release|Any CPU
		{26D39090-1638-41DF-BB38-FF6480B1FD9F}.Release|x64.Build.0 = Release|Any CPU
		{26D39090-1638-41DF-BB38-FF6480B1FD9F}.Release|x86.ActiveCfg = Release|Any CPU
		{26D39090-1638-41DF-BB38-FF6480B1FD9F}.Release|x86.Build.0 = Release|Any CPU
		{4BBB840A-73AB-4630-BA98-3F472F01D760}.Ad-Hoc|Any CPU.ActiveCfg = Release|Any CPU
		{4BBB840A-73AB-4630-BA98-3F472F01D760}.Ad-Hoc|Any CPU.Build.0 = Release|Any CPU
		{4BBB840A-73AB-4630-BA98-3F472F01D760}.Ad-Hoc|Any CPU.Deploy.0 = Release|Any CPU
		{4BBB840A-73AB-4630-BA98-3F472F01D760}.Ad-Hoc|ARM.ActiveCfg = Release|Any CPU
		{4BBB840A-73AB-4630-BA98-3F472F01D760}.Ad-Hoc|ARM.Build.0 = Release|Any CPU
		{4BBB840A-73AB-4630-BA98-3F472F01D760}.Ad-Hoc|ARM.Deploy.0 = Release|Any CPU
		{4BBB840A-73AB-4630-BA98-3F472F01D760}.Ad-Hoc|iPhone.ActiveCfg = Release|Any CPU
		{4BBB840A-73AB-4630-BA98-3F472F01D760}.Ad-Hoc|iPhone.Build.0 = Release|Any CPU
		{4BBB840A-73AB-4630-BA98-3F472F01D760}.Ad-Hoc|iPhone.Deploy.0 = Release|Any CPU
		{4BBB840A-73AB-4630-BA98-3F472F01D760}.Ad-Hoc|iPhoneSimulator.ActiveCfg = Release|Any CPU
		{4BBB840A-73AB-4630-BA98-3F472F01D760}.Ad-Hoc|iPhoneSimulator.Build.0 = Release|Any CPU
		{4BBB840A-73AB-4630-BA98-3F472F01D760}.Ad-Hoc|iPhoneSimulator.Deploy.0 = Release|Any CPU
		{4BBB840A-73AB-4630-BA98-3F472F01D760}.Ad-Hoc|x64.ActiveCfg = Release|Any CPU
		{4BBB840A-73AB-4630-BA98-3F472F01D760}.Ad-Hoc|x64.Build.0 = Release|Any CPU
		{4BBB840A-73AB-4630-BA98-3F472F01D760}.Ad-Hoc|x64.Deploy.0 = Release|Any CPU
		{4BBB840A-73AB-4630-BA98-3F472F01D760}.Ad-Hoc|x86.ActiveCfg = Release|Any CPU
		{4BBB840A-73AB-4630-BA98-3F472F01D760}.Ad-Hoc|x86.Build.0 = Release|Any CPU
		{4BBB840A-73AB-4630-BA98-3F472F01D760}.Ad-Hoc|x86.Deploy.0 = Release|Any CPU
		{4BBB840A-73AB-4630-BA98-3F472F01D760}.AppStore|Any CPU.ActiveCfg = Release|Any CPU
		{4BBB840A-73AB-4630-BA98-3F472F01D760}.AppStore|Any CPU.Build.0 = Release|Any CPU
		{4BBB840A-73AB-4630-BA98-3F472F01D760}.AppStore|Any CPU.Deploy.0 = Release|Any CPU
		{4BBB840A-73AB-4630-BA98-3F472F01D760}.AppStore|ARM.ActiveCfg = Release|Any CPU
		{4BBB840A-73AB-4630-BA98-3F472F01D760}.AppStore|ARM.Build.0 = Release|Any CPU
		{4BBB840A-73AB-4630-BA98-3F472F01D760}.AppStore|ARM.Deploy.0 = Release|Any CPU
		{4BBB840A-73AB-4630-BA98-3F472F01D760}.AppStore|iPhone.ActiveCfg = Release|Any CPU
		{4BBB840A-73AB-4630-BA98-3F472F01D760}.AppStore|iPhone.Build.0 = Release|Any CPU
		{4BBB840A-73AB-4630-BA98-3F472F01D760}.AppStore|iPhone.Deploy.0 = Release|Any CPU
		{4BBB840A-73AB-4630-BA98-3F472F01D760}.AppStore|iPhoneSimulator.ActiveCfg = Release|Any CPU
		{4BBB840A-73AB-4630-BA98-3F472F01D760}.AppStore|iPhoneSimulator.Build.0 = Release|Any CPU
		{4BBB840A-73AB-4630-BA98-3F472F01D760}.AppStore|iPhoneSimulator.Deploy.0 = Release|Any CPU
		{4BBB840A-73AB-4630-BA98-3F472F01D760}.AppStore|x64.ActiveCfg = Release|Any CPU
		{4BBB840A-73AB-4630-BA98-3F472F01D760}.AppStore|x64.Build.0 = Release|Any CPU
		{4BBB840A-73AB-4630-BA98-3F472F01D760}.AppStore|x64.Deploy.0 = Release|Any CPU
		{4BBB840A-73AB-4630-BA98-3F472F01D760}.AppStore|x86.ActiveCfg = Release|Any CPU
		{4BBB840A-73AB-4630-BA98-3F472F01D760}.AppStore|x86.Build.0 = Release|Any CPU
		{4BBB840A-73AB-4630-BA98-3F472F01D760}.AppStore|x86.Deploy.0 = Release|Any CPU
		{4BBB840A-73AB-4630-BA98-3F472F01D760}.Debug|Any CPU.ActiveCfg = Debug|Any CPU
		{4BBB840A-73AB-4630-BA98-3F472F01D760}.Debug|Any CPU.Build.0 = Debug|Any CPU
		{4BBB840A-73AB-4630-BA98-3F472F01D760}.Debug|Any CPU.Deploy.0 = Debug|Any CPU
		{4BBB840A-73AB-4630-BA98-3F472F01D760}.Debug|ARM.ActiveCfg = Debug|Any CPU
		{4BBB840A-73AB-4630-BA98-3F472F01D760}.Debug|ARM.Build.0 = Debug|Any CPU
		{4BBB840A-73AB-4630-BA98-3F472F01D760}.Debug|ARM.Deploy.0 = Debug|Any CPU
		{4BBB840A-73AB-4630-BA98-3F472F01D760}.Debug|iPhone.ActiveCfg = Debug|Any CPU
		{4BBB840A-73AB-4630-BA98-3F472F01D760}.Debug|iPhone.Build.0 = Debug|Any CPU
		{4BBB840A-73AB-4630-BA98-3F472F01D760}.Debug|iPhone.Deploy.0 = Debug|Any CPU
		{4BBB840A-73AB-4630-BA98-3F472F01D760}.Debug|iPhoneSimulator.ActiveCfg = Debug|Any CPU
		{4BBB840A-73AB-4630-BA98-3F472F01D760}.Debug|iPhoneSimulator.Build.0 = Debug|Any CPU
		{4BBB840A-73AB-4630-BA98-3F472F01D760}.Debug|iPhoneSimulator.Deploy.0 = Debug|Any CPU
		{4BBB840A-73AB-4630-BA98-3F472F01D760}.Debug|x64.ActiveCfg = Debug|Any CPU
		{4BBB840A-73AB-4630-BA98-3F472F01D760}.Debug|x64.Build.0 = Debug|Any CPU
		{4BBB840A-73AB-4630-BA98-3F472F01D760}.Debug|x64.Deploy.0 = Debug|Any CPU
		{4BBB840A-73AB-4630-BA98-3F472F01D760}.Debug|x86.ActiveCfg = Debug|Any CPU
		{4BBB840A-73AB-4630-BA98-3F472F01D760}.Debug|x86.Build.0 = Debug|Any CPU
		{4BBB840A-73AB-4630-BA98-3F472F01D760}.Debug|x86.Deploy.0 = Debug|Any CPU
		{4BBB840A-73AB-4630-BA98-3F472F01D760}.Release|Any CPU.ActiveCfg = Release|Any CPU
		{4BBB840A-73AB-4630-BA98-3F472F01D760}.Release|Any CPU.Build.0 = Release|Any CPU
		{4BBB840A-73AB-4630-BA98-3F472F01D760}.Release|Any CPU.Deploy.0 = Release|Any CPU
		{4BBB840A-73AB-4630-BA98-3F472F01D760}.Release|ARM.ActiveCfg = Release|Any CPU
		{4BBB840A-73AB-4630-BA98-3F472F01D760}.Release|ARM.Build.0 = Release|Any CPU
		{4BBB840A-73AB-4630-BA98-3F472F01D760}.Release|ARM.Deploy.0 = Release|Any CPU
		{4BBB840A-73AB-4630-BA98-3F472F01D760}.Release|iPhone.ActiveCfg = Release|Any CPU
		{4BBB840A-73AB-4630-BA98-3F472F01D760}.Release|iPhone.Build.0 = Release|Any CPU
		{4BBB840A-73AB-4630-BA98-3F472F01D760}.Release|iPhone.Deploy.0 = Release|Any CPU
		{4BBB840A-73AB-4630-BA98-3F472F01D760}.Release|iPhoneSimulator.ActiveCfg = Release|Any CPU
		{4BBB840A-73AB-4630-BA98-3F472F01D760}.Release|iPhoneSimulator.Build.0 = Release|Any CPU
		{4BBB840A-73AB-4630-BA98-3F472F01D760}.Release|iPhoneSimulator.Deploy.0 = Release|Any CPU
		{4BBB840A-73AB-4630-BA98-3F472F01D760}.Release|x64.ActiveCfg = Release|Any CPU
		{4BBB840A-73AB-4630-BA98-3F472F01D760}.Release|x64.Build.0 = Release|Any CPU
		{4BBB840A-73AB-4630-BA98-3F472F01D760}.Release|x64.Deploy.0 = Release|Any CPU
		{4BBB840A-73AB-4630-BA98-3F472F01D760}.Release|x86.ActiveCfg = Release|Any CPU
		{4BBB840A-73AB-4630-BA98-3F472F01D760}.Release|x86.Build.0 = Release|Any CPU
		{4BBB840A-73AB-4630-BA98-3F472F01D760}.Release|x86.Deploy.0 = Release|Any CPU
	EndGlobalSection
	GlobalSection(SolutionProperties) = preSolution
		HideSolutionNode = FALSE
	EndGlobalSection
EndGlobal
